
Microsoft Visual Studio Solution File, Format Version 12.00
# Visual Studio Version 16
VisualStudioVersion = 16.0.31729.503
MinimumVisualStudioVersion = 10.0.40219.1
Project("{FAE04EC0-301F-11D3-BF4B-00C04F79EFBC}") = "FacturacionFront", "FacturacionFront.csproj", "{299C46E1-6CA6-46BC-810B-A3F329B47560}"
EndProject
Project("{FAE04EC0-301F-11D3-BF4B-00C04F79EFBC}") = "FacturacionBack", "..\FacturacionBack\FacturacionBack.csproj", "{C84113F0-9280-4E16-B3EB-081171B2B5D1}"
EndProject
Project("{FAE04EC0-301F-11D3-BF4B-00C04F79EFBC}") = "FacturacionWebApi", "..\FacturacionWebApi\FacturacionWebApi.csproj", "{97E1DEA7-2127-4DAE-BAFC-43AFBEDAB62A}"
EndProject
Global
	GlobalSection(SolutionConfigurationPlatforms) = preSolution
		Debug|Any CPU = Debug|Any CPU
		Release|Any CPU = Release|Any CPU
	EndGlobalSection
	GlobalSection(ProjectConfigurationPlatforms) = postSolution
		{299C46E1-6CA6-46BC-810B-A3F329B47560}.Debug|Any CPU.ActiveCfg = Debug|Any CPU
		{299C46E1-6CA6-46BC-810B-A3F329B47560}.Debug|Any CPU.Build.0 = Debug|Any CPU
		{299C46E1-6CA6-46BC-810B-A3F329B47560}.Release|Any CPU.ActiveCfg = Release|Any CPU
		{299C46E1-6CA6-46BC-810B-A3F329B47560}.Release|Any CPU.Build.0 = Release|Any CPU
		{C84113F0-9280-4E16-B3EB-081171B2B5D1}.Debug|Any CPU.ActiveCfg = Debug|Any CPU
		{C84113F0-9280-4E16-B3EB-081171B2B5D1}.Debug|Any CPU.Build.0 = Debug|Any CPU
		{C84113F0-9280-4E16-B3EB-081171B2B5D1}.Release|Any CPU.ActiveCfg = Release|Any CPU
		{C84113F0-9280-4E16-B3EB-081171B2B5D1}.Release|Any CPU.Build.0 = Release|Any CPU
		{97E1DEA7-2127-4DAE-BAFC-43AFBEDAB62A}.Debug|Any CPU.ActiveCfg = Debug|Any CPU
		{97E1DEA7-2127-4DAE-BAFC-43AFBEDAB62A}.Debug|Any CPU.Build.0 = Debug|Any CPU
		{97E1DEA7-2127-4DAE-BAFC-43AFBEDAB62A}.Release|Any CPU.ActiveCfg = Release|Any CPU
		{97E1DEA7-2127-4DAE-BAFC-43AFBEDAB62A}.Release|Any CPU.Build.0 = Release|Any CPU
	EndGlobalSection
	GlobalSection(SolutionProperties) = preSolution
		HideSolutionNode = FALSE
	EndGlobalSection
	GlobalSection(ExtensibilityGlobals) = postSolution
		SolutionGuid = {2F5F0347-1189-4FF7-9157-4D53374FC530}
	EndGlobalSection
EndGlobal
